
Microsoft Visual Studio Solution File, Format Version 11.00
# Visual Studio 2010
Project("{FAE04EC0-301F-11D3-BF4B-00C04F79EFBC}") = "Entidades", "Entidades\Entidades.csproj", "{CC3AA755-6457-4562-B35C-73DD4105A28D}"
EndProject
Project("{2150E333-8FDC-42A3-9474-1A3956D46DE8}") = "Solution Items", "Solution Items", "{0A2383BF-57A8-425D-8DDF-536D69E0496A}"
	ProjectSection(SolutionItems) = preProject
		Local.testsettings = Local.testsettings
		ModuloContable.vsmdi = ModuloContable.vsmdi
		TraceAndTestImpact.testsettings = TraceAndTestImpact.testsettings
	EndProjectSection
EndProject
Project("{FAE04EC0-301F-11D3-BF4B-00C04F79EFBC}") = "Test", "Test\Test.csproj", "{EB278D60-38F3-40EB-958A-219D00313570}"
EndProject
Project("{FAE04EC0-301F-11D3-BF4B-00C04F79EFBC}") = "AccesoDatos", "AccesoDatos\AccesoDatos.csproj", "{CA2A4034-89E8-4EC7-A287-BA7BE17D915B}"
EndProject
Project("{FAE04EC0-301F-11D3-BF4B-00C04F79EFBC}") = "Logica", "Logica\Logica.csproj", "{90319B2E-F51E-44FD-AA9F-4AE4AAF4CB08}"
EndProject
Project("{FAE04EC0-301F-11D3-BF4B-00C04F79EFBC}") = "UI", "UI\UI.csproj", "{1CDB9E04-0E48-4E30-BBAB-FED4F9BD6752}"
	ProjectSection(ProjectDependencies) = postProject
		{847391A8-B52C-466A-8E4A-C1CEDC72EC0F} = {847391A8-B52C-466A-8E4A-C1CEDC72EC0F}
	EndProjectSection
EndProject
Project("{FAE04EC0-301F-11D3-BF4B-00C04F79EFBC}") = "ConexionBCCR", "ConexionBCCR\ConexionBCCR.csproj", "{36B6089D-65BD-45AF-9DF6-B7B0EC00C606}"
EndProject
Project("{FAE04EC0-301F-11D3-BF4B-00C04F79EFBC}") = "WebServiceGenerarAsiento", "WebServiceGenerarAsiento\WebServiceGenerarAsiento.csproj", "{847391A8-B52C-466A-8E4A-C1CEDC72EC0F}"
EndProject
Global
	GlobalSection(TestCaseManagementSettings) = postSolution
		CategoryFile = ModuloContable.vsmdi
	EndGlobalSection
	GlobalSection(SolutionConfigurationPlatforms) = preSolution
		Debug|Any CPU = Debug|Any CPU
		Debug|Mixed Platforms = Debug|Mixed Platforms
		Debug|x86 = Debug|x86
		Release|Any CPU = Release|Any CPU
		Release|Mixed Platforms = Release|Mixed Platforms
		Release|x86 = Release|x86
	EndGlobalSection
	GlobalSection(ProjectConfigurationPlatforms) = postSolution
		{CC3AA755-6457-4562-B35C-73DD4105A28D}.Debug|Any CPU.ActiveCfg = Debug|Any CPU
		{CC3AA755-6457-4562-B35C-73DD4105A28D}.Debug|Any CPU.Build.0 = Debug|Any CPU
		{CC3AA755-6457-4562-B35C-73DD4105A28D}.Debug|Mixed Platforms.ActiveCfg = Debug|Any CPU
		{CC3AA755-6457-4562-B35C-73DD4105A28D}.Debug|Mixed Platforms.Build.0 = Debug|Any CPU
		{CC3AA755-6457-4562-B35C-73DD4105A28D}.Debug|x86.ActiveCfg = Debug|Any CPU
		{CC3AA755-6457-4562-B35C-73DD4105A28D}.Release|Any CPU.ActiveCfg = Release|Any CPU
		{CC3AA755-6457-4562-B35C-73DD4105A28D}.Release|Any CPU.Build.0 = Release|Any CPU
		{CC3AA755-6457-4562-B35C-73DD4105A28D}.Release|Mixed Platforms.ActiveCfg = Release|Any CPU
		{CC3AA755-6457-4562-B35C-73DD4105A28D}.Release|Mixed Platforms.Build.0 = Release|Any CPU
		{CC3AA755-6457-4562-B35C-73DD4105A28D}.Release|x86.ActiveCfg = Release|Any CPU
		{EB278D60-38F3-40EB-958A-219D00313570}.Debug|Any CPU.ActiveCfg = Debug|x86
		{EB278D60-38F3-40EB-958A-219D00313570}.Debug|Mixed Platforms.ActiveCfg = Debug|x86
		{EB278D60-38F3-40EB-958A-219D00313570}.Debug|Mixed Platforms.Build.0 = Debug|x86
		{EB278D60-38F3-40EB-958A-219D00313570}.Debug|x86.ActiveCfg = Debug|x86
		{EB278D60-38F3-40EB-958A-219D00313570}.Debug|x86.Build.0 = Debug|x86
		{EB278D60-38F3-40EB-958A-219D00313570}.Release|Any CPU.ActiveCfg = Release|x86
		{EB278D60-38F3-40EB-958A-219D00313570}.Release|Mixed Platforms.ActiveCfg = Release|x86
		{EB278D60-38F3-40EB-958A-219D00313570}.Release|Mixed Platforms.Build.0 = Release|x86
		{EB278D60-38F3-40EB-958A-219D00313570}.Release|x86.ActiveCfg = Release|x86
		{EB278D60-38F3-40EB-958A-219D00313570}.Release|x86.Build.0 = Release|x86
		{CA2A4034-89E8-4EC7-A287-BA7BE17D915B}.Debug|Any CPU.ActiveCfg = Debug|Any CPU
		{CA2A4034-89E8-4EC7-A287-BA7BE17D915B}.Debug|Any CPU.Build.0 = Debug|Any CPU
		{CA2A4034-89E8-4EC7-A287-BA7BE17D915B}.Debug|Mixed Platforms.ActiveCfg = Debug|Any CPU
		{CA2A4034-89E8-4EC7-A287-BA7BE17D915B}.Debug|Mixed Platforms.Build.0 = Debug|Any CPU
		{CA2A4034-89E8-4EC7-A287-BA7BE17D915B}.Debug|x86.ActiveCfg = Debug|Any CPU
		{CA2A4034-89E8-4EC7-A287-BA7BE17D915B}.Release|Any CPU.ActiveCfg = Release|Any CPU
		{CA2A4034-89E8-4EC7-A287-BA7BE17D915B}.Release|Any CPU.Build.0 = Release|Any CPU
		{CA2A4034-89E8-4EC7-A287-BA7BE17D915B}.Release|Mixed Platforms.ActiveCfg = Release|Any CPU
		{CA2A4034-89E8-4EC7-A287-BA7BE17D915B}.Release|Mixed Platforms.Build.0 = Release|Any CPU
		{CA2A4034-89E8-4EC7-A287-BA7BE17D915B}.Release|x86.ActiveCfg = Release|Any CPU
		{90319B2E-F51E-44FD-AA9F-4AE4AAF4CB08}.Debug|Any CPU.ActiveCfg = Debug|Any CPU
		{90319B2E-F51E-44FD-AA9F-4AE4AAF4CB08}.Debug|Any CPU.Build.0 = Debug|Any CPU
		{90319B2E-F51E-44FD-AA9F-4AE4AAF4CB08}.Debug|Mixed Platforms.ActiveCfg = Debug|Any CPU
		{90319B2E-F51E-44FD-AA9F-4AE4AAF4CB08}.Debug|Mixed Platforms.Build.0 = Debug|Any CPU
		{90319B2E-F51E-44FD-AA9F-4AE4AAF4CB08}.Debug|x86.ActiveCfg = Debug|Any CPU
		{90319B2E-F51E-44FD-AA9F-4AE4AAF4CB08}.Release|Any CPU.ActiveCfg = Release|Any CPU
		{90319B2E-F51E-44FD-AA9F-4AE4AAF4CB08}.Release|Any CPU.Build.0 = Release|Any CPU
		{90319B2E-F51E-44FD-AA9F-4AE4AAF4CB08}.Release|Mixed Platforms.ActiveCfg = Release|Any CPU
		{90319B2E-F51E-44FD-AA9F-4AE4AAF4CB08}.Release|Mixed Platforms.Build.0 = Release|Any CPU
		{90319B2E-F51E-44FD-AA9F-4AE4AAF4CB08}.Release|x86.ActiveCfg = Release|Any CPU
		{1CDB9E04-0E48-4E30-BBAB-FED4F9BD6752}.Debug|Any CPU.ActiveCfg = Debug|x86
		{1CDB9E04-0E48-4E30-BBAB-FED4F9BD6752}.Debug|Mixed Platforms.ActiveCfg = Debug|x86
		{1CDB9E04-0E48-4E30-BBAB-FED4F9BD6752}.Debug|Mixed Platforms.Build.0 = Debug|x86
		{1CDB9E04-0E48-4E30-BBAB-FED4F9BD6752}.Debug|x86.ActiveCfg = Debug|x86
		{1CDB9E04-0E48-4E30-BBAB-FED4F9BD6752}.Debug|x86.Build.0 = Debug|x86
		{1CDB9E04-0E48-4E30-BBAB-FED4F9BD6752}.Release|Any CPU.ActiveCfg = Release|x86
		{1CDB9E04-0E48-4E30-BBAB-FED4F9BD6752}.Release|Mixed Platforms.ActiveCfg = Release|x86
		{1CDB9E04-0E48-4E30-BBAB-FED4F9BD6752}.Release|Mixed Platforms.Build.0 = Release|x86
		{1CDB9E04-0E48-4E30-BBAB-FED4F9BD6752}.Release|x86.ActiveCfg = Release|x86
		{1CDB9E04-0E48-4E30-BBAB-FED4F9BD6752}.Release|x86.Build.0 = Release|x86
		{36B6089D-65BD-45AF-9DF6-B7B0EC00C606}.Debug|Any CPU.ActiveCfg = Debug|Any CPU
		{36B6089D-65BD-45AF-9DF6-B7B0EC00C606}.Debug|Any CPU.Build.0 = Debug|Any CPU
		{36B6089D-65BD-45AF-9DF6-B7B0EC00C606}.Debug|Mixed Platforms.ActiveCfg = Debug|Any CPU
		{36B6089D-65BD-45AF-9DF6-B7B0EC00C606}.Debug|Mixed Platforms.Build.0 = Debug|Any CPU
		{36B6089D-65BD-45AF-9DF6-B7B0EC00C606}.Debug|x86.ActiveCfg = Debug|Any CPU
		{36B6089D-65BD-45AF-9DF6-B7B0EC00C606}.Release|Any CPU.ActiveCfg = Release|Any CPU
		{36B6089D-65BD-45AF-9DF6-B7B0EC00C606}.Release|Any CPU.Build.0 = Release|Any CPU
		{36B6089D-65BD-45AF-9DF6-B7B0EC00C606}.Release|Mixed Platforms.ActiveCfg = Release|Any CPU
		{36B6089D-65BD-45AF-9DF6-B7B0EC00C606}.Release|Mixed Platforms.Build.0 = Release|Any CPU
		{36B6089D-65BD-45AF-9DF6-B7B0EC00C606}.Release|x86.ActiveCfg = Release|Any CPU
		{847391A8-B52C-466A-8E4A-C1CEDC72EC0F}.Debug|Any CPU.ActiveCfg = Debug|Any CPU
		{847391A8-B52C-466A-8E4A-C1CEDC72EC0F}.Debug|Any CPU.Build.0 = Debug|Any CPU
		{847391A8-B52C-466A-8E4A-C1CEDC72EC0F}.Debug|Mixed Platforms.ActiveCfg = Debug|Any CPU
		{847391A8-B52C-466A-8E4A-C1CEDC72EC0F}.Debug|Mixed Platforms.Build.0 = Debug|Any CPU
		{847391A8-B52C-466A-8E4A-C1CEDC72EC0F}.Debug|x86.ActiveCfg = Debug|Any CPU
		{847391A8-B52C-466A-8E4A-C1CEDC72EC0F}.Release|Any CPU.ActiveCfg = Release|Any CPU
		{847391A8-B52C-466A-8E4A-C1CEDC72EC0F}.Release|Any CPU.Build.0 = Release|Any CPU
		{847391A8-B52C-466A-8E4A-C1CEDC72EC0F}.Release|Mixed Platforms.ActiveCfg = Release|Any CPU
		{847391A8-B52C-466A-8E4A-C1CEDC72EC0F}.Release|Mixed Platforms.Build.0 = Release|Any CPU
		{847391A8-B52C-466A-8E4A-C1CEDC72EC0F}.Release|x86.ActiveCfg = Release|Any CPU
	EndGlobalSection
	GlobalSection(SolutionProperties) = preSolution
		HideSolutionNode = FALSE
	EndGlobalSection
EndGlobal
